# This file is automatically @generated by Cargo.
# It is not intended for manual editing.
version = 3

[[package]]
name = "attribute-derive"
version = "0.8.1"
source = "registry+https://github.com/rust-lang/crates.io-index"
checksum = "0c94f43ede6f25dab1dea046bff84d85dea61bd49aba7a9011ad66c0d449077b"
dependencies = [
 "attribute-derive-macro",
 "proc-macro2",
 "quote",
 "syn",
]

[[package]]
name = "attribute-derive-macro"
version = "0.8.1"
source = "registry+https://github.com/rust-lang/crates.io-index"
checksum = "b409e2b2d2dc206d2c0ad3575a93f001ae21a1593e2d0c69b69c308e63f3b422"
dependencies = [
 "collection_literals",
 "interpolator",
 "manyhow",
 "proc-macro-utils",
 "proc-macro2",
 "quote",
 "quote-use",
 "syn",
]

[[package]]
name = "collection_literals"
version = "1.0.2"
source = "registry+https://github.com/rust-lang/crates.io-index"
checksum = "26b3f65b8fb8e88ba339f7d23a390fe1b0896217da05e2a66c584c9b29a91df8"

[[package]]
name = "derive-where"
version = "1.5.0"
source = "registry+https://github.com/rust-lang/crates.io-index"
checksum = "510c292c8cf384b1a340b816a9a6cf2599eb8f566a44949024af88418000c50b"
dependencies = [
 "proc-macro2",
 "quote",
 "syn",
]

[[package]]
name = "interpolator"
version = "0.5.0"
source = "registry+https://github.com/rust-lang/crates.io-index"
checksum = "71dd52191aae121e8611f1e8dc3e324dd0dd1dee1e6dd91d10ee07a3cfb4d9d8"

[[package]]
name = "manyhow"
version = "0.8.1"
source = "registry+https://github.com/rust-lang/crates.io-index"
checksum = "516b76546495d933baa165075b95c0a15e8f7ef75e53f56b19b7144d80fd52bd"
dependencies = [
 "manyhow-macros",
 "proc-macro2",
 "quote",
 "syn",
]

[[package]]
name = "manyhow-macros"
version = "0.8.1"
source = "registry+https://github.com/rust-lang/crates.io-index"
checksum = "8ba072c0eadade3160232e70893311f1f8903974488096e2eb8e48caba2f0cf1"
dependencies = [
 "proc-macro-utils",
 "proc-macro2",
 "quote",
]

[[package]]
name = "proc-macro-utils"
version = "0.8.0"
source = "registry+https://github.com/rust-lang/crates.io-index"
checksum = "3f59e109e2f795a5070e69578c4dc101068139f74616778025ae1011d4cd41a8"
dependencies = [
 "proc-macro2",
 "quote",
 "smallvec",
]

[[package]]
name = "proc-macro2"
version = "1.0.95"
source = "registry+https://github.com/rust-lang/crates.io-index"
checksum = "02b3e5e68a3a1a02aad3ec490a98007cbc13c37cbe84a3cd7b8e406d76e7f778"
dependencies = [
 "unicode-ident",
]

[[package]]
name = "quote"
version = "1.0.40"
source = "registry+https://github.com/rust-lang/crates.io-index"
checksum = "1885c039570dc00dcb4ff087a89e185fd56bae234ddc7f056a945bf36467248d"
dependencies = [
 "proc-macro2",
]

[[package]]
name = "quote-use"
version = "0.7.2"
source = "registry+https://github.com/rust-lang/crates.io-index"
checksum = "a7b5abe3fe82fdeeb93f44d66a7b444dedf2e4827defb0a8e69c437b2de2ef94"
dependencies = [
 "quote",
 "quote-use-macros",
 "syn",
]

[[package]]
name = "quote-use-macros"
version = "0.7.2"
source = "registry+https://github.com/rust-lang/crates.io-index"
checksum = "97ea44c7e20f16017a76a245bb42188517e13d16dcb1aa18044bc406cdc3f4af"
dependencies = [
 "derive-where",
 "proc-macro2",
 "quote",
 "syn",
]

[[package]]
name = "smallvec"
version = "1.15.1"
source = "registry+https://github.com/rust-lang/crates.io-index"
checksum = "67b1b7a3b5fe4f1376887184045fcf45c69e92af734b7aaddc05fb777b6fbd03"

[[package]]
name = "syn"
version = "2.0.104"
source = "registry+https://github.com/rust-lang/crates.io-index"
checksum = "17b6f705963418cdb9927482fa304bc562ece2fdd4f616084c50b7023b435a40"
dependencies = [
 "proc-macro2",
 "quote",
 "unicode-ident",
]

[[package]]
name = "tahini_tarpc_derive"
version = "0.1.0"
dependencies = [
 "attribute-derive",
 "proc-macro2",
 "quote",
 "syn",
]

[[package]]
name = "unicode-ident"
version = "1.0.18"
source = "registry+https://github.com/rust-lang/crates.io-index"
checksum = "5a5f39404a5da50712a4c1eecf25e90dd62b613502b7e925fd4e4d19b5c96512"
